
Microsoft Visual Studio Solution File, Format Version 12.00
# Visual Studio Version 17
VisualStudioVersion = 17.2.32317.152
MinimumVisualStudioVersion = 10.0.40219.1
Project("{FAE04EC0-301F-11D3-BF4B-00C04F79EFBC}") = "WindowsFormsGraphs", "WindowsFormsGraphs\WindowsFormsGraphs.csproj", "{DDB563D3-37BF-4BE9-A8BD-5D7936F1BD40}"
EndProject
Global
	GlobalSection(SolutionConfigurationPlatforms) = preSolution
		Debug|Any CPU = Debug|Any CPU
		Release|Any CPU = Release|Any CPU
	EndGlobalSection
	GlobalSection(ProjectConfigurationPlatforms) = postSolution
		{DDB563D3-37BF-4BE9-A8BD-5D7936F1BD40}.Debug|Any CPU.ActiveCfg = Debug|Any CPU
		{DDB563D3-37BF-4BE9-A8BD-5D7936F1BD40}.Debug|Any CPU.Build.0 = Debug|Any CPU
		{DDB563D3-37BF-4BE9-A8BD-5D7936F1BD40}.Release|Any CPU.ActiveCfg = Release|Any CPU
		{DDB563D3-37BF-4BE9-A8BD-5D7936F1BD40}.Release|Any CPU.Build.0 = Release|Any CPU
	EndGlobalSection
	GlobalSection(SolutionProperties) = preSolution
		HideSolutionNode = FALSE
	EndGlobalSection
	GlobalSection(ExtensibilityGlobals) = postSolution
		SolutionGuid = {CBD4C538-314B-4C56-AAF9-ACA402DDE1FD}
	EndGlobalSection
EndGlobal
